// !$*UTF8*$!
{
	archiveVersion = 1;
	classes = {
	};
	objectVersion = 46;
	objects = {

/* Begin PBXBuildFile section */
		D40E5F941B76ED8600A78332 /* AppDelegate.swift in Sources */ = {isa = PBXBuildFile; fileRef = D40E5F931B76ED8600A78332 /* AppDelegate.swift */; };
		D40E5F961B76ED8600A78332 /* ViewController.swift in Sources */ = {isa = PBXBuildFile; fileRef = D40E5F951B76ED8600A78332 /* ViewController.swift */; };
		D40E5F991B76ED8600A78332 /* Main.storyboard in Resources */ = {isa = PBXBuildFile; fileRef = D40E5F971B76ED8600A78332 /* Main.storyboard */; };
		D40E5F9B1B76ED8600A78332 /* Images.xcassets in Resources */ = {isa = PBXBuildFile; fileRef = D40E5F9A1B76ED8600A78332 /* Images.xcassets */; };
		D40E5F9E1B76ED8600A78332 /* LaunchScreen.xib in Resources */ = {isa = PBXBuildFile; fileRef = D40E5F9C1B76ED8600A78332 /* LaunchScreen.xib */; };
		D40E5FAA1B76ED8600A78332 /* DemoTests.swift in Sources */ = {isa = PBXBuildFile; fileRef = D40E5FA91B76ED8600A78332 /* DemoTests.swift */; };
		D40E5FB41B76EE4300A78332 /* SBAccordionViewController.swift in Sources */ = {isa = PBXBuildFile; fileRef = D40E5FB31B76EE4300A78332 /* SBAccordionViewController.swift */; };
/* End PBXBuildFile section */

/* Begin PBXContainerItemProxy section */
		D40E5FA41B76ED8600A78332 /* PBXContainerItemProxy */ = {
			isa = PBXContainerItemProxy;
			containerPortal = D40E5F861B76ED8600A78332 /* Project object */;
			proxyType = 1;
			remoteGlobalIDString = D40E5F8D1B76ED8600A78332;
			remoteInfo = Demo;
		};
/* End PBXContainerItemProxy section */

/* Begin PBXFileReference section */
		D40E5F8E1B76ED8600A78332 /* Demo.app */ = {isa = PBXFileReference; explicitFileType = wrapper.application; includeInIndex = 0; path = Demo.app; sourceTree = BUILT_PRODUCTS_DIR; };
		D40E5F921B76ED8600A78332 /* Info.plist */ = {isa = PBXFileReference; lastKnownFileType = text.plist.xml; path = Info.plist; sourceTree = "<group>"; };
		D40E5F931B76ED8600A78332 /* AppDelegate.swift */ = {isa = PBXFileReference; lastKnownFileType = sourcecode.swift; path = AppDelegate.swift; sourceTree = "<group>"; };
		D40E5F951B76ED8600A78332 /* ViewController.swift */ = {isa = PBXFileReference; lastKnownFileType = sourcecode.swift; path = ViewController.swift; sourceTree = "<group>"; };
		D40E5F981B76ED8600A78332 /* Base */ = {isa = PBXFileReference; lastKnownFileType = file.storyboard; name = Base; path = Base.lproj/Main.storyboard; sourceTree = "<group>"; };
		D40E5F9A1B76ED8600A78332 /* Images.xcassets */ = {isa = PBXFileReference; lastKnownFileType = folder.assetcatalog; path = Images.xcassets; sourceTree = "<group>"; };
		D40E5F9D1B76ED8600A78332 /* Base */ = {isa = PBXFileReference; lastKnownFileType = file.xib; name = Base; path = Base.lproj/LaunchScreen.xib; sourceTree = "<group>"; };
		D40E5FA31B76ED8600A78332 /* DemoTests.xctest */ = {isa = PBXFileReference; explicitFileType = wrapper.cfbundle; includeInIndex = 0; path = DemoTests.xctest; sourceTree = BUILT_PRODUCTS_DIR; };
		D40E5FA81B76ED8600A78332 /* Info.plist */ = {isa = PBXFileReference; lastKnownFileType = text.plist.xml; path = Info.plist; sourceTree = "<group>"; };
		D40E5FA91B76ED8600A78332 /* DemoTests.swift */ = {isa = PBXFileReference; lastKnownFileType = sourcecode.swift; path = DemoTests.swift; sourceTree = "<group>"; };
		D40E5FB31B76EE4300A78332 /* SBAccordionViewController.swift */ = {isa = PBXFileReference; fileEncoding = 4; lastKnownFileType = sourcecode.swift; name = SBAccordionViewController.swift; path = ../../../SBAccordionViewController/SBAccordionViewController.swift; sourceTree = "<group>"; };
/* End PBXFileReference section */

/* Begin PBXFrameworksBuildPhase section */
		D40E5F8B1B76ED8600A78332 /* Frameworks */ = {
			isa = PBXFrameworksBuildPhase;
			buildActionMask = 2147483647;
			files = (
			);
			runOnlyForDeploymentPostprocessing = 0;
		};
		D40E5FA01B76ED8600A78332 /* Frameworks */ = {
			isa = PBXFrameworksBuildPhase;
			buildActionMask = 2147483647;
			files = (
			);
			runOnlyForDeploymentPostprocessing = 0;
		};
/* End PBXFrameworksBuildPhase section */

/* Begin PBXGroup section */
		D40E5F851B76ED8600A78332 = {
			isa = PBXGroup;
			children = (
				D40E5F901B76ED8600A78332 /* Demo */,
				D40E5FA61B76ED8600A78332 /* DemoTests */,
				D40E5F8F1B76ED8600A78332 /* Products */,
			);
			sourceTree = "<group>";
		};
		D40E5F8F1B76ED8600A78332 /* Products */ = {
			isa = PBXGroup;
			children = (
				D40E5F8E1B76ED8600A78332 /* Demo.app */,
				D40E5FA31B76ED8600A78332 /* DemoTests.xctest */,
			);
			name = Products;
			sourceTree = "<group>";
		};
		D40E5F901B76ED8600A78332 /* Demo */ = {
			isa = PBXGroup;
			children = (
				D40E5F931B76ED8600A78332 /* AppDelegate.swift */,
				D40E5F951B76ED8600A78332 /* ViewController.swift */,
				D40E5FB31B76EE4300A78332 /* SBAccordionViewController.swift */,
				D40E5F971B76ED8600A78332 /* Main.storyboard */,
				D40E5F9A1B76ED8600A78332 /* Images.xcassets */,
				D40E5F9C1B76ED8600A78332 /* LaunchScreen.xib */,
				D40E5F911B76ED8600A78332 /* Supporting Files */,
			);
			path = Demo;
			sourceTree = "<group>";
		};
		D40E5F911B76ED8600A78332 /* Supporting Files */ = {
			isa = PBXGroup;
			children = (
				D40E5F921B76ED8600A78332 /* Info.plist */,
			);
			name = "Supporting Files";
			sourceTree = "<group>";
		};
		D40E5FA61B76ED8600A78332 /* DemoTests */ = {
			isa = PBXGroup;
			children = (
				D40E5FA91B76ED8600A78332 /* DemoTests.swift */,
				D40E5FA71B76ED8600A78332 /* Supporting Files */,
			);
			path = DemoTests;
			sourceTree = "<group>";
		};
		D40E5FA71B76ED8600A78332 /* Supporting Files */ = {
			isa = PBXGroup;
			children = (
				D40E5FA81B76ED8600A78332 /* Info.plist */,
			);
			name = "Supporting Files";
			sourceTree = "<group>";
		};
/* End PBXGroup section */

/* Begin PBXNativeTarget section */
		D40E5F8D1B76ED8600A78332 /* Demo */ = {
			isa = PBXNativeTarget;
			buildConfigurationList = D40E5FAD1B76ED8600A78332 /* Build configuration list for PBXNativeTarget "Demo" */;
			buildPhases = (
				D40E5F8A1B76ED8600A78332 /* Sources */,
				D40E5F8B1B76ED8600A78332 /* Frameworks */,
				D40E5F8C1B76ED8600A78332 /* Resources */,
			);
			buildRules = (
			);
			dependencies = (
			);
			name = Demo;
			productName = Demo;
			productReference = D40E5F8E1B76ED8600A78332 /* Demo.app */;
			productType = "com.apple.product-type.application";
		};
		D40E5FA21B76ED8600A78332 /* DemoTests */ = {
			isa = PBXNativeTarget;
			buildConfigurationList = D40E5FB01B76ED8600A78332 /* Build configuration list for PBXNativeTarget "DemoTests" */;
			buildPhases = (
				D40E5F9F1B76ED8600A78332 /* Sources */,
				D40E5FA01B76ED8600A78332 /* Frameworks */,
				D40E5FA11B76ED8600A78332 /* Resources */,
			);
			buildRules = (
			);
			dependencies = (
				D40E5FA51B76ED8600A78332 /* PBXTargetDependency */,
			);
			name = DemoTests;
			productName = DemoTests;
			productReference = D40E5FA31B76ED8600A78332 /* DemoTests.xctest */;
			productType = "com.apple.product-type.bundle.unit-test";
		};
/* End PBXNativeTarget section */

/* Begin PBXProject section */
		D40E5F861B76ED8600A78332 /* Project object */ = {
			isa = PBXProject;
			attributes = {
				LastUpgradeCheck = 0640;
				ORGANIZATIONNAME = Bupkis;
				TargetAttributes = {
					D40E5F8D1B76ED8600A78332 = {
						CreatedOnToolsVersion = 6.4;
					};
					D40E5FA21B76ED8600A78332 = {
						CreatedOnToolsVersion = 6.4;
						TestTargetID = D40E5F8D1B76ED8600A78332;
					};
				};
			};
			buildConfigurationList = D40E5F891B76ED8600A78332 /* Build configuration list for PBXProject "Demo" */;
			compatibilityVersion = "Xcode 3.2";
			developmentRegion = English;
			hasScannedForEncodings = 0;
			knownRegions = (
				en,
				Base,
			);
			mainGroup = D40E5F851B76ED8600A78332;
			productRefGroup = D40E5F8F1B76ED8600A78332 /* Products */;
			projectDirPath = "";
			projectRoot = "";
			targets = (
				D40E5F8D1B76ED8600A78332 /* Demo */,
				D40E5FA21B76ED8600A78332 /* DemoTests */,
			);
		};
/* End PBXProject section */

/* Begin PBXResourcesBuildPhase section */
		D40E5F8C1B76ED8600A78332 /* Resources */ = {
			isa = PBXResourcesBuildPhase;
			buildActionMask = 2147483647;
			files = (
				D40E5F991B76ED8600A78332 /* Main.storyboard in Resources */,
				D40E5F9E1B76ED8600A78332 /* LaunchScreen.xib in Resources */,
				D40E5F9B1B76ED8600A78332 /* Images.xcassets in Resources */,
			);
			runOnlyForDeploymentPostprocessing = 0;
		};
		D40E5FA11B76ED8600A78332 /* Resources */ = {
			isa = PBXResourcesBuildPhase;
			buildActionMask = 2147483647;
			files = (
			);
			runOnlyForDeploymentPostprocessing = 0;
		};
/* End PBXResourcesBuildPhase section */

/* Begin PBXSourcesBuildPhase section */
		D40E5F8A1B76ED8600A78332 /* Sources */ = {
			isa = PBXSourcesBuildPhase;
			buildActionMask = 2147483647;
			files = (
				D40E5F961B76ED8600A78332 /* ViewController.swift in Sources */,
				D40E5F941B76ED8600A78332 /* AppDelegate.swift in Sources */,
				D40E5FB41B76EE4300A78332 /* SBAccordionViewController.swift in Sources */,
			);
			runOnlyForDeploymentPostprocessing = 0;
		};
		D40E5F9F1B76ED8600A78332 /* Sources */ = {
			isa = PBXSourcesBuildPhase;
			buildActionMask = 2147483647;
			files = (
				D40E5FAA1B76ED8600A78332 /* DemoTests.swift in Sources */,
			);
			runOnlyForDeploymentPostprocessing = 0;
		};
/* End PBXSourcesBuildPhase section */

/* Begin PBXTargetDependency section */
		D40E5FA51B76ED8600A78332 /* PBXTargetDependency */ = {
			isa = PBXTargetDependency;
			target = D40E5F8D1B76ED8600A78332 /* Demo */;
			targetProxy = D40E5FA41B76ED8600A78332 /* PBXContainerItemProxy */;
		};
/* End PBXTargetDependency section */

/* Begin PBXVariantGroup section */
		D40E5F971B76ED8600A78332 /* Main.storyboard */ = {
			isa = PBXVariantGroup;
			children = (
				D40E5F981B76ED8600A78332 /* Base */,
			);
			name = Main.storyboard;
			sourceTree = "<group>";
		};
		D40E5F9C1B76ED8600A78332 /* LaunchScreen.xib */ = {
			isa = PBXVariantGroup;
			children = (
				D40E5F9D1B76ED8600A78332 /* Base */,
			);
			name = LaunchScreen.xib;
			sourceTree = "<group>";
		};
/* End PBXVariantGroup section */

/* Begin XCBuildConfiguration section */
		D40E5FAB1B76ED8600A78332 /* Debug */ = {
			isa = XCBuildConfiguration;
			buildSettings = {
				ALWAYS_SEARCH_USER_PATHS = NO;
				CLANG_CXX_LANGUAGE_STANDARD = "gnu++0x";
				CLANG_CXX_LIBRARY = "libc++";
				CLANG_ENABLE_MODULES = YES;
				CLANG_ENABLE_OBJC_ARC = YES;
				CLANG_WARN_BOOL_CONVERSION = YES;
				CLANG_WARN_CONSTANT_CONVERSION = YES;
				CLANG_WARN_DIRECT_OBJC_ISA_USAGE = YES_ERROR;
				CLANG_WARN_EMPTY_BODY = YES;
				CLANG_WARN_ENUM_CONVERSION = YES;
				CLANG_WARN_INT_CONVERSION = YES;
				CLANG_WARN_OBJC_ROOT_CLASS = YES_ERROR;
				CLANG_WARN_UNREACHABLE_CODE = YES;
				CLANG_WARN__DUPLICATE_METHOD_MATCH = YES;
				"CODE_SIGN_IDENTITY[sdk=iphoneos*]" = "iPhone Developer";
				COPY_PHASE_STRIP = NO;
				DEBUG_INFORMATION_FORMAT = "dwarf-with-dsym";
				ENABLE_STRICT_OBJC_MSGSEND = YES;
				GCC_C_LANGUAGE_STANDARD = gnu99;
				GCC_DYNAMIC_NO_PIC = NO;
				GCC_NO_COMMON_BLOCKS = YES;
				GCC_OPTIMIZATION_LEVEL = 0;
				GCC_PREPROCESSOR_DEFINITIONS = (
					"DEBUG=1",
					"$(inherited)",
				);
				GCC_SYMBOLS_PRIVATE_EXTERN = NO;
				GCC_WARN_64_TO_32_BIT_CONVERSION = YES;
				GCC_WARN_ABOUT_RETURN_TYPE = YES_ERROR;
				GCC_WARN_UNDECLARED_SELECTOR = YES;
				GCC_WARN_UNINITIALIZED_AUTOS = YES_AGGRESSIVE;
				GCC_WARN_UNUSED_FUNCTION = YES;
				GCC_WARN_UNUSED_VARIABLE = YES;
				IPHONEOS_DEPLOYMENT_TARGET = 8.4;
				MTL_ENABLE_DEBUG_INFO = YES;
				ONLY_ACTIVE_ARCH = YES;
				SDKROOT = iphoneos;
				SWIFT_OPTIMIZATION_LEVEL = "-Onone";
			};
			name = Debug;
		};
		D40E5FAC1B76ED8600A78332 /* Release */ = {
			isa = XCBuildConfiguration;
			buildSettings = {
				ALWAYS_SEARCH_USER_PATHS = NO;
				CLANG_CXX_LANGUAGE_STANDARD = "gnu++0x";
				CLANG_CXX_LIBRARY = "libc++";
				CLANG_ENABLE_MODULES = YES;
				CLANG_ENABLE_OBJC_ARC = YES;
				CLANG_WARN_BOOL_CONVERSION = YES;
				CLANG_WARN_CONSTANT_CONVERSION = YES;
				CLANG_WARN_DIRECT_OBJC_ISA_USAGE = YES_ERROR;
				CLANG_WARN_EMPTY_BODY = YES;
				CLANG_WARN_ENUM_CONVERSION = YES;
				CLANG_WARN_INT_CONVERSION = YES;
				CLANG_WARN_OBJC_ROOT_CLASS = YES_ERROR;
				CLANG_WARN_UNREACHABLE_CODE = YES;
				CLANG_WARN__DUPLICATE_METHOD_MATCH = YES;
				"CODE_SIGN_IDENTITY[sdk=iphoneos*]" = "iPhone Developer";
				COPY_PHASE_STRIP = NO;
				DEBUG_INFORMATION_FORMAT = "dwarf-with-dsym";
				ENABLE_NS_ASSERTIONS = NO;
				ENABLE_STRICT_OBJC_MSGSEND = YES;
				GCC_C_LANGUAGE_STANDARD = gnu99;
				GCC_NO_COMMON_BLOCKS = YES;
				GCC_WARN_64_TO_32_BIT_CONVERSION = YES;
				GCC_WARN_ABOUT_RETURN_TYPE = YES_ERROR;
				GCC_WARN_UNDECLARED_SELECTOR = YES;
				GCC_WARN_UNINITIALIZED_AUTOS = YES_AGGRESSIVE;
				GCC_WARN_UNUSED_FUNCTION = YES;
				GCC_WARN_UNUSED_VARIABLE = YES;
				IPHONEOS_DEPLOYMENT_TARGET = 8.4;
				MTL_ENABLE_DEBUG_INFO = NO;
				SDKROOT = iphoneos;
				VALIDATE_PRODUCT = YES;
			};
			name = Release;
		};
		D40E5FAE1B76ED8600A78332 /* Debug */ = {
			isa = XCBuildConfiguration;
			buildSettings = {
				ASSETCATALOG_COMPILER_APPICON_NAME = AppIcon;
				INFOPLIST_FILE = Demo/Info.plist;
				LD_RUNPATH_SEARCH_PATHS = "$(inherited) @executable_path/Frameworks";
				PRODUCT_NAME = "$(TARGET_NAME)";
			};
			name = Debug;
		};
		D40E5FAF1B76ED8600A78332 /* Release */ = {
			isa = XCBuildConfiguration;
			buildSettings = {
				ASSETCATALOG_COMPILER_APPICON_NAME = AppIcon;
				INFOPLIST_FILE = Demo/Info.plist;
				LD_RUNPATH_SEARCH_PATHS = "$(inherited) @executable_path/Frameworks";
				PRODUCT_NAME = "$(TARGET_NAME)";
			};
			name = Release;
		};
		D40E5FB11B76ED8600A78332 /* Debug */ = {
			isa = XCBuildConfiguration;
			buildSettings = {
				BUNDLE_LOADER = "$(TEST_HOST)";
				FRAMEWORK_SEARCH_PATHS = (
					"$(SDKROOT)/Developer/Library/Frameworks",
					"$(inherited)",
				);
				GCC_PREPROCESSOR_DEFINITIONS = (
					"DEBUG=1",
					"$(inherited)",
				);
				INFOPLIST_FILE = DemoTests/Info.plist;
				LD_RUNPATH_SEARCH_PATHS = "$(inherited) @executable_path/Frameworks @loader_path/Frameworks";
				PRODUCT_NAME = "$(TARGET_NAME)";
				TEST_HOST = "$(BUILT_PRODUCTS_DIR)/Demo.app/Demo";
			};
			name = Debug;
		};
		D40E5FB21B76ED8600A78332 /* Release */ = {
			isa = XCBuildConfiguration;
			buildSettings = {
				BUNDLE_LOADER = "$(TEST_HOST)";
				FRAMEWORK_SEARCH_PATHS = (
					"$(SDKROOT)/Developer/Library/Frameworks",
					"$(inherited)",
				);
				INFOPLIST_FILE = DemoTests/Info.plist;
				LD_RUNPATH_SEARCH_PATHS = "$(inherited) @executable_path/Frameworks @loader_path/Frameworks";
				PRODUCT_NAME = "$(TARGET_NAME)";
				TEST_HOST = "$(BUILT_PRODUCTS_DIR)/Demo.app/Demo";
			};
			name = Release;
		};
/* End XCBuildConfiguration section */

/* Begin XCConfigurationList section */
		D40E5F891B76ED8600A78332 /* Build configuration list for PBXProject "Demo" */ = {
			isa = XCConfigurationList;
			buildConfigurations = (
				D40E5FAB1B76ED8600A78332 /* Debug */,
				D40E5FAC1B76ED8600A78332 /* Release */,
			);
			defaultConfigurationIsVisible = 0;
			defaultConfigurationName = Release;
		};
		D40E5FAD1B76ED8600A78332 /* Build configuration list for PBXNativeTarget "Demo" */ = {
			isa = XCConfigurationList;
			buildConfigurations = (
				D40E5FAE1B76ED8600A78332 /* Debug */,
				D40E5FAF1B76ED8600A78332 /* Release */,
			);
			defaultConfigurationIsVisible = 0;
		};
		D40E5FB01B76ED8600A78332 /* Build configuration list for PBXNativeTarget "DemoTests" */ = {
			isa = XCConfigurationList;
			buildConfigurations = (
				D40E5FB11B76ED8600A78332 /* Debug */,
				D40E5FB21B76ED8600A78332 /* Release */,
			);
			defaultConfigurationIsVisible = 0;
		};
/* End XCConfigurationList section */
	};
	rootObject = D40E5F861B76ED8600A78332 /* Project object */;
}
